
Microsoft Visual Studio Solution File, Format Version 11.00
# Visual Studio 2010
Project("{FAE04EC0-301F-11D3-BF4B-00C04F79EFBC}") = "RAWRFileManager", "RAWRFileManager\RAWRFileManager.csproj", "{58786994-B13B-4DAB-A87D-29C8B321992F}"
EndProject
Global
	GlobalSection(SolutionConfigurationPlatforms) = preSolution
		Debug|x86 = Debug|x86
		Release|x86 = Release|x86
	EndGlobalSection
	GlobalSection(ProjectConfigurationPlatforms) = postSolution
		{58786994-B13B-4DAB-A87D-29C8B321992F}.Debug|x86.ActiveCfg = Debug|x86
		{58786994-B13B-4DAB-A87D-29C8B321992F}.Debug|x86.Build.0 = Debug|x86
		{58786994-B13B-4DAB-A87D-29C8B321992F}.Release|x86.ActiveCfg = Release|x86
		{58786994-B13B-4DAB-A87D-29C8B321992F}.Release|x86.Build.0 = Release|x86
	EndGlobalSection
	GlobalSection(SolutionProperties) = preSolution
		HideSolutionNode = FALSE
	EndGlobalSection
EndGlobal
